<?xml version="1.0" encoding="utf-8"?>
<Project ToolsVersion="4.0" xmlns="http://schemas.microsoft.com/developer/msbuild/2003">
  <ItemGroup>
    <Filter Include="Source Files">
      <UniqueIdentifier>{4FC737F1-C7A5-4376-A066-2A32D752A2FF}</UniqueIdentifier>
      <Extensions>cpp;c;cc;cxx;c++;cppm;ixx;def;odl;idl;hpj;bat;asm;asmx</Extensions>
    </Filter>
    <Filter Include="Header Files">
      <UniqueIdentifier>{93995380-89BD-4b04-88EB-625FBE52EBFB}</UniqueIdentifier>
      <Extensions>h;hh;hpp;hxx;h++;hm;inl;inc;ipp;xsd</Extensions>
    </Filter>
    <Filter Include="Resource Files">
      <UniqueIdentifier>{67DA6AB6-F800-4c08-8B7A-83BB121AAD01}</UniqueIdentifier>
      <Extensions>rc;ico;cur;bmp;dlg;rc2;rct;bin;rgs;gif;jpg;jpeg;jpe;resx;tiff;tif;png;wav;mfcribbon-ms</Extensions>
    </Filter>
  </ItemGroup>
  <ItemGroup>
    <ClCompile Include="framework\BlurrableFramebuffer.cpp">
      <Filter>Source Files</Filter>
    </ClCompile>
    <ClCompile Include="framework\Buffers.cpp">
      <Filter>Source Files</Filter>
    </ClCompile>
    <ClCompile Include="framework\Camera.cpp">
      <Filter>Source Files</Filter>
    </ClCompile>
    <ClCompile Include="framework\CleanupManager.cpp">
      <Filter>Source Files</Filter>
    </ClCompile>
    <ClCompile Include="framework\CommandBuffer.cpp">
      <Filter>Source Files</Filter>
    </ClCompile>
    <ClCompile Include="framework\ComputePipeline.cpp">
      <Filter>Source Files</Filter>
    </ClCompile>
    <ClCompile Include="framework\ConfigParser.cpp">
      <Filter>Source Files</Filter>
    </ClCompile>
    <ClCompile Include="framework\consoleoutput.cpp">
      <Filter>Source Files</Filter>
    </ClCompile>
    <ClCompile Include="framework\Descriptors.cpp">
      <Filter>Source Files</Filter>
    </ClCompile>
    <ClCompile Include="framework\draw.cpp">
      <Filter>Source Files</Filter>
    </ClCompile>
    <ClCompile Include="framework\Framebuffer.cpp">
      <Filter>Source Files</Filter>
    </ClCompile>
    <ClCompile Include="framework\gltf.cpp">
      <Filter>Source Files</Filter>
    </ClCompile>
    <ClCompile Include="framework\GraphicsPipeline.cpp">
      <Filter>Source Files</Filter>
    </ClCompile>
    <ClCompile Include="framework\imagedecode.cpp">
      <Filter>Source Files</Filter>
    </ClCompile>
    <ClCompile Include="framework\imageencode.cpp">
      <Filter>Source Files</Filter>
    </ClCompile>
    <ClCompile Include="framework\ImageManager.cpp">
      <Filter>Source Files</Filter>
    </ClCompile>
    <ClCompile Include="framework\Images.cpp">
      <Filter>Source Files</Filter>
    </ClCompile>
    <ClCompile Include="framework\imagescale.cpp">
      <Filter>Source Files</Filter>
    </ClCompile>
    <ClCompile Include="framework\json.cpp">
      <Filter>Source Files</Filter>
    </ClCompile>
    <ClCompile Include="framework\main.cpp">
      <Filter>Source Files</Filter>
    </ClCompile>
    <ClCompile Include="framework\math2801.cpp">
      <Filter>Source Files</Filter>
    </ClCompile>
    <ClCompile Include="framework\mischelpers.cpp">
      <Filter>Source Files</Filter>
    </ClCompile>
    <ClCompile Include="framework\parseMembers.cpp">
      <Filter>Source Files</Filter>
    </ClCompile>
    <ClCompile Include="framework\Pipeline.cpp">
      <Filter>Source Files</Filter>
    </ClCompile>
    <ClCompile Include="framework\PipelineLayout.cpp">
      <Filter>Source Files</Filter>
    </ClCompile>
    <ClCompile Include="framework\platform.cpp">
      <Filter>Source Files</Filter>
    </ClCompile>
    <ClCompile Include="framework\PushConstants.cpp">
      <Filter>Source Files</Filter>
    </ClCompile>
    <ClCompile Include="framework\RenderPass.cpp">
      <Filter>Source Files</Filter>
    </ClCompile>
    <ClCompile Include="framework\Samplers.cpp">
      <Filter>Source Files</Filter>
    </ClCompile>
    <ClCompile Include="framework\setup.cpp">
      <Filter>Source Files</Filter>
    </ClCompile>
    <ClCompile Include="framework\ShaderManager.cpp">
      <Filter>Source Files</Filter>
    </ClCompile>
    <ClCompile Include="framework\Text.cpp">
      <Filter>Source Files</Filter>
    </ClCompile>
    <ClCompile Include="framework\timeutil.cpp">
      <Filter>Source Files</Filter>
    </ClCompile>
    <ClCompile Include="framework\Uniforms.cpp">
      <Filter>Source Files</Filter>
    </ClCompile>
    <ClCompile Include="framework\update.cpp">
      <Filter>Source Files</Filter>
    </ClCompile>
    <ClCompile Include="framework\utils.cpp">
      <Filter>Source Files</Filter>
    </ClCompile>
    <ClCompile Include="framework\VertexManager.cpp">
      <Filter>Source Files</Filter>
    </ClCompile>
    <ClCompile Include="framework\vk.cpp">
      <Filter>Source Files</Filter>
    </ClCompile>
    <ClCompile Include="framework\vkhelpers.cpp">
      <Filter>Source Files</Filter>
    </ClCompile>
    <ClCompile Include="framework\ext\json11.cpp">
      <Filter>Source Files</Filter>
    </ClCompile>
  </ItemGroup>
  <ItemGroup>
    <ClInclude Include="framework\BlurrableFramebuffer.h">
      <Filter>Source Files</Filter>
    </ClInclude>
    <ClInclude Include="framework\Buffers.h">
      <Filter>Source Files</Filter>
    </ClInclude>
    <ClInclude Include="framework\Camera.h">
      <Filter>Source Files</Filter>
    </ClInclude>
    <ClInclude Include="framework\CleanupManager.h">
      <Filter>Source Files</Filter>
    </ClInclude>
    <ClInclude Include="framework\CommandBuffer.h">
      <Filter>Source Files</Filter>
    </ClInclude>
    <ClInclude Include="framework\ComputePipeline.h">
      <Filter>Source Files</Filter>
    </ClInclude>
    <ClInclude Include="framework\ConfigParser.h">
      <Filter>Source Files</Filter>
    </ClInclude>
    <ClInclude Include="framework\consoleoutput.h">
      <Filter>Source Files</Filter>
    </ClInclude>
    <ClInclude Include="framework\Descriptors.h">
      <Filter>Header Files</Filter>
    </ClInclude>
    <ClInclude Include="framework\DescriptorSetEntry.h">
      <Filter>Header Files</Filter>
    </ClInclude>
    <ClInclude Include="framework\draw.h">
      <Filter>Header Files</Filter>
    </ClInclude>
    <ClInclude Include="framework\Framebuffer.h">
      <Filter>Header Files</Filter>
    </ClInclude>
    <ClInclude Include="framework\Framework.h">
      <Filter>Header Files</Filter>
    </ClInclude>
    <ClInclude Include="framework\Globals.h">
      <Filter>Header Files</Filter>
    </ClInclude>
    <ClInclude Include="framework\gltf.h">
      <Filter>Header Files</Filter>
    </ClInclude>
    <ClInclude Include="framework\GraphicsPipeline.h">
      <Filter>Header Files</Filter>
    </ClInclude>
    <ClInclude Include="framework\imagedecode.h">
      <Filter>Header Files</Filter>
    </ClInclude>
    <ClInclude Include="framework\imageencode.h">
      <Filter>Header Files</Filter>
    </ClInclude>
    <ClInclude Include="framework\ImageManager.h">
      <Filter>Header Files</Filter>
    </ClInclude>
    <ClInclude Include="framework\Images.h">
      <Filter>Header Files</Filter>
    </ClInclude>
    <ClInclude Include="framework\imagescale.h">
      <Filter>Header Files</Filter>
    </ClInclude>
    <ClInclude Include="framework\json.h">
      <Filter>Header Files</Filter>
    </ClInclude>
    <ClInclude Include="framework\Light.h">
      <Filter>Header Files</Filter>
    </ClInclude>
    <ClInclude Include="framework\math2801.h">
      <Filter>Header Files</Filter>
    </ClInclude>
    <ClInclude Include="framework\mischelpers.h">
      <Filter>Header Files</Filter>
    </ClInclude>
    <ClInclude Include="framework\parseMembers.h">
      <Filter>Header Files</Filter>
    </ClInclude>
    <ClInclude Include="framework\Pipeline.h">
      <Filter>Header Files</Filter>
    </ClInclude>
    <ClInclude Include="framework\PipelineLayout.h">
      <Filter>Header Files</Filter>
    </ClInclude>
    <ClInclude Include="framework\platform.h">
      <Filter>Header Files</Filter>
    </ClInclude>
    <ClInclude Include="framework\PushConstants.h">
      <Filter>Header Files</Filter>
    </ClInclude>
    <ClInclude Include="framework\RenderPass.h">
      <Filter>Header Files</Filter>
    </ClInclude>
    <ClInclude Include="framework\Samplers.h">
      <Filter>Header Files</Filter>
    </ClInclude>
    <ClInclude Include="framework\setup.h">
      <Filter>Header Files</Filter>
    </ClInclude>
    <ClInclude Include="framework\ShaderManager.h">
      <Filter>Header Files</Filter>
    </ClInclude>
    <ClInclude Include="framework\Stopwatch.h">
      <Filter>Header Files</Filter>
    </ClInclude>
    <ClInclude Include="framework\Text.h">
      <Filter>Header Files</Filter>
    </ClInclude>
    <ClInclude Include="framework\timeutil.h">
      <Filter>Header Files</Filter>
    </ClInclude>
    <ClInclude Include="framework\Uniforms.h">
      <Filter>Header Files</Filter>
    </ClInclude>
    <ClInclude Include="framework\update.h">
      <Filter>Header Files</Filter>
    </ClInclude>
    <ClInclude Include="framework\utils.h">
      <Filter>Header Files</Filter>
    </ClInclude>
    <ClInclude Include="framework\VertexManager.h">
      <Filter>Header Files</Filter>
    </ClInclude>
    <ClInclude Include="framework\vk.h">
      <Filter>Header Files</Filter>
    </ClInclude>
    <ClInclude Include="framework\vkhelpers.h">
      <Filter>Header Files</Filter>
    </ClInclude>
    <ClInclude Include="framework\ext\stb_image.h">
      <Filter>Header Files</Filter>
    </ClInclude>
    <ClInclude Include="framework\ext\stb_image_resize.h">
      <Filter>Header Files</Filter>
    </ClInclude>
    <ClInclude Include="framework\ext\stb_image_write.h">
      <Filter>Header Files</Filter>
    </ClInclude>
    <ClInclude Include="framework\ext\json11.h">
      <Filter>Header Files</Filter>
    </ClInclude>
    <ClInclude Include="shaders\importantconstants.h">
      <Filter>Source Files</Filter>
    </ClInclude>
  </ItemGroup>
  <ItemGroup>
    <None Include="shaders\main.frag">
      <Filter>Header Files</Filter>
    </None>
    <None Include="shaders\main.vert">
      <Filter>Header Files</Filter>
    </None>
    <None Include="shaders\text.frag">
      <Filter>Header Files</Filter>
    </None>
    <None Include="shaders\text.vert">
      <Filter>Header Files</Filter>
    </None>
    <None Include="sky.frag" />
    <None Include="sky.vert" />
    <None Include="shaders\shadow.frag">
      <Filter>Header Files</Filter>
    </None>
    <None Include="shaders\shadow.vert">
      <Filter>Header Files</Filter>
    </None>
  </ItemGroup>
  <ItemGroup>
    <Text Include="shaders\pushconstants.txt">
      <Filter>Header Files</Filter>
    </Text>
    <Text Include="shaders\uniforms.txt">
      <Filter>Header Files</Filter>
    </Text>
  </ItemGroup>
</Project>